
Microsoft Visual Studio Solution File, Format Version 12.00
# Visual Studio Version 17
VisualStudioVersion = 17.9.34701.34
MinimumVisualStudioVersion = 10.0.40219.1
Project("{2150E333-8FDC-42A3-9474-1A3956D46DE8}") = "src", "src", "{606E6BC9-EBBE-4ADA-A8A8-C84CB6A84746}"
EndProject
Project("{2150E333-8FDC-42A3-9474-1A3956D46DE8}") = "test", "test", "{1EDBE910-B224-4050-8DAC-05550F6E9888}"
EndProject
Project("{2150E333-8FDC-42A3-9474-1A3956D46DE8}") = "Core", "Core", "{07362CDF-F10E-4E99-9C99-16AA5874FC7F}"
EndProject
Project("{2150E333-8FDC-42A3-9474-1A3956D46DE8}") = "External", "External", "{DBA1AD0D-E3BC-4AB5-BAF5-3FD09C60E0AE}"
EndProject
Project("{FAE04EC0-301F-11D3-BF4B-00C04F79EFBC}") = "Application", "src\Core\Application\Application.csproj", "{1D77023F-1F89-4E0A-A251-E05050187EC6}"
EndProject
Project("{FAE04EC0-301F-11D3-BF4B-00C04F79EFBC}") = "Domain", "src\Core\Domain\Domain.csproj", "{53884BA8-435D-404B-8704-CC8218334EDF}"
EndProject
Project("{FAE04EC0-301F-11D3-BF4B-00C04F79EFBC}") = "WebAPI", "src\WebAPI\WebAPI.csproj", "{4E2C1C59-A075-4625-B069-02D24117B477}"
EndProject
Project("{FAE04EC0-301F-11D3-BF4B-00C04F79EFBC}") = "Infrastructure", "src\External\Infrastructure\Infrastructure.csproj", "{BE70D08D-EA75-495C-9D41-C5623595BFDA}"
EndProject
Project("{FAE04EC0-301F-11D3-BF4B-00C04F79EFBC}") = "Persistance", "src\External\Persistance\Persistance.csproj", "{4997EA4D-87F8-42D3-94BB-BBFD30794465}"
EndProject
Project("{FAE04EC0-301F-11D3-BF4B-00C04F79EFBC}") = "Presentation", "src\External\Presentation\Presentation.csproj", "{B56D730F-D80F-456A-BDC4-7A8EA0323186}"
EndProject
Global
	GlobalSection(SolutionConfigurationPlatforms) = preSolution
		Debug|Any CPU = Debug|Any CPU
		Release|Any CPU = Release|Any CPU
	EndGlobalSection
	GlobalSection(ProjectConfigurationPlatforms) = postSolution
		{1D77023F-1F89-4E0A-A251-E05050187EC6}.Debug|Any CPU.ActiveCfg = Debug|Any CPU
		{1D77023F-1F89-4E0A-A251-E05050187EC6}.Debug|Any CPU.Build.0 = Debug|Any CPU
		{1D77023F-1F89-4E0A-A251-E05050187EC6}.Release|Any CPU.ActiveCfg = Release|Any CPU
		{1D77023F-1F89-4E0A-A251-E05050187EC6}.Release|Any CPU.Build.0 = Release|Any CPU
		{53884BA8-435D-404B-8704-CC8218334EDF}.Debug|Any CPU.ActiveCfg = Debug|Any CPU
		{53884BA8-435D-404B-8704-CC8218334EDF}.Debug|Any CPU.Build.0 = Debug|Any CPU
		{53884BA8-435D-404B-8704-CC8218334EDF}.Release|Any CPU.ActiveCfg = Release|Any CPU
		{53884BA8-435D-404B-8704-CC8218334EDF}.Release|Any CPU.Build.0 = Release|Any CPU
		{4E2C1C59-A075-4625-B069-02D24117B477}.Debug|Any CPU.ActiveCfg = Debug|Any CPU
		{4E2C1C59-A075-4625-B069-02D24117B477}.Debug|Any CPU.Build.0 = Debug|Any CPU
		{4E2C1C59-A075-4625-B069-02D24117B477}.Release|Any CPU.ActiveCfg = Release|Any CPU
		{4E2C1C59-A075-4625-B069-02D24117B477}.Release|Any CPU.Build.0 = Release|Any CPU
		{BE70D08D-EA75-495C-9D41-C5623595BFDA}.Debug|Any CPU.ActiveCfg = Debug|Any CPU
		{BE70D08D-EA75-495C-9D41-C5623595BFDA}.Debug|Any CPU.Build.0 = Debug|Any CPU
		{BE70D08D-EA75-495C-9D41-C5623595BFDA}.Release|Any CPU.ActiveCfg = Release|Any CPU
		{BE70D08D-EA75-495C-9D41-C5623595BFDA}.Release|Any CPU.Build.0 = Release|Any CPU
		{4997EA4D-87F8-42D3-94BB-BBFD30794465}.Debug|Any CPU.ActiveCfg = Debug|Any CPU
		{4997EA4D-87F8-42D3-94BB-BBFD30794465}.Debug|Any CPU.Build.0 = Debug|Any CPU
		{4997EA4D-87F8-42D3-94BB-BBFD30794465}.Release|Any CPU.ActiveCfg = Release|Any CPU
		{4997EA4D-87F8-42D3-94BB-BBFD30794465}.Release|Any CPU.Build.0 = Release|Any CPU
		{B56D730F-D80F-456A-BDC4-7A8EA0323186}.Debug|Any CPU.ActiveCfg = Debug|Any CPU
		{B56D730F-D80F-456A-BDC4-7A8EA0323186}.Debug|Any CPU.Build.0 = Debug|Any CPU
		{B56D730F-D80F-456A-BDC4-7A8EA0323186}.Release|Any CPU.ActiveCfg = Release|Any CPU
		{B56D730F-D80F-456A-BDC4-7A8EA0323186}.Release|Any CPU.Build.0 = Release|Any CPU
	EndGlobalSection
	GlobalSection(SolutionProperties) = preSolution
		HideSolutionNode = FALSE
	EndGlobalSection
	GlobalSection(NestedProjects) = preSolution
		{07362CDF-F10E-4E99-9C99-16AA5874FC7F} = {606E6BC9-EBBE-4ADA-A8A8-C84CB6A84746}
		{DBA1AD0D-E3BC-4AB5-BAF5-3FD09C60E0AE} = {606E6BC9-EBBE-4ADA-A8A8-C84CB6A84746}
		{1D77023F-1F89-4E0A-A251-E05050187EC6} = {07362CDF-F10E-4E99-9C99-16AA5874FC7F}
		{53884BA8-435D-404B-8704-CC8218334EDF} = {07362CDF-F10E-4E99-9C99-16AA5874FC7F}
		{4E2C1C59-A075-4625-B069-02D24117B477} = {606E6BC9-EBBE-4ADA-A8A8-C84CB6A84746}
		{BE70D08D-EA75-495C-9D41-C5623595BFDA} = {DBA1AD0D-E3BC-4AB5-BAF5-3FD09C60E0AE}
		{4997EA4D-87F8-42D3-94BB-BBFD30794465} = {DBA1AD0D-E3BC-4AB5-BAF5-3FD09C60E0AE}
		{B56D730F-D80F-456A-BDC4-7A8EA0323186} = {DBA1AD0D-E3BC-4AB5-BAF5-3FD09C60E0AE}
	EndGlobalSection
	GlobalSection(ExtensibilityGlobals) = postSolution
		SolutionGuid = {CD29EFE9-1E16-430D-A130-579190DB2192}
	EndGlobalSection
EndGlobal
